
Microsoft Visual Studio Solution File, Format Version 12.00
# Visual Studio 15
VisualStudioVersion = 15.0.28307.1022
MinimumVisualStudioVersion = 10.0.40219.1
Project("{9A19103F-16F7-4668-BE54-9A1E7A4F7556}") = "Wemart.Repositories", "Wemart.Repositories\Wemart.Repositories.csproj", "{2ECDC555-1A7B-4EAA-9800-8D481991C600}"
EndProject
Project("{9A19103F-16F7-4668-BE54-9A1E7A4F7556}") = "Wemart.Api", "Wemart.Api\Wemart.Api.csproj", "{13F4F264-352C-4C4A-8CC9-841B1E8C9B0C}"
EndProject
Project("{9A19103F-16F7-4668-BE54-9A1E7A4F7556}") = "Wemart.Entities", "Wemart.Entities\Wemart.Entities.csproj", "{073EF6A9-5896-453F-9A6C-70B8BB67291B}"
EndProject
Project("{9A19103F-16F7-4668-BE54-9A1E7A4F7556}") = "Wemart.Helpers", "Wemart.Helpers\Wemart.Helpers.csproj", "{7EADA731-F3F8-4800-A05D-BECC7DDAB379}"
EndProject
Project("{FAE04EC0-301F-11D3-BF4B-00C04F79EFBC}") = "Wemart.SQL", "Wemart.SQL\Wemart.SQL.csproj", "{4A770EB5-B67D-4C8C-B8C7-CDA37853BA76}"
EndProject
Global
	GlobalSection(SolutionConfigurationPlatforms) = preSolution
		Debug|Any CPU = Debug|Any CPU
		Release|Any CPU = Release|Any CPU
	EndGlobalSection
	GlobalSection(ProjectConfigurationPlatforms) = postSolution
		{2ECDC555-1A7B-4EAA-9800-8D481991C600}.Debug|Any CPU.ActiveCfg = Debug|Any CPU
		{2ECDC555-1A7B-4EAA-9800-8D481991C600}.Debug|Any CPU.Build.0 = Debug|Any CPU
		{2ECDC555-1A7B-4EAA-9800-8D481991C600}.Release|Any CPU.ActiveCfg = Release|Any CPU
		{2ECDC555-1A7B-4EAA-9800-8D481991C600}.Release|Any CPU.Build.0 = Release|Any CPU
		{13F4F264-352C-4C4A-8CC9-841B1E8C9B0C}.Debug|Any CPU.ActiveCfg = Debug|Any CPU
		{13F4F264-352C-4C4A-8CC9-841B1E8C9B0C}.Debug|Any CPU.Build.0 = Debug|Any CPU
		{13F4F264-352C-4C4A-8CC9-841B1E8C9B0C}.Release|Any CPU.ActiveCfg = Release|Any CPU
		{13F4F264-352C-4C4A-8CC9-841B1E8C9B0C}.Release|Any CPU.Build.0 = Release|Any CPU
		{073EF6A9-5896-453F-9A6C-70B8BB67291B}.Debug|Any CPU.ActiveCfg = Debug|Any CPU
		{073EF6A9-5896-453F-9A6C-70B8BB67291B}.Debug|Any CPU.Build.0 = Debug|Any CPU
		{073EF6A9-5896-453F-9A6C-70B8BB67291B}.Release|Any CPU.ActiveCfg = Release|Any CPU
		{073EF6A9-5896-453F-9A6C-70B8BB67291B}.Release|Any CPU.Build.0 = Release|Any CPU
		{7EADA731-F3F8-4800-A05D-BECC7DDAB379}.Debug|Any CPU.ActiveCfg = Debug|Any CPU
		{7EADA731-F3F8-4800-A05D-BECC7DDAB379}.Debug|Any CPU.Build.0 = Debug|Any CPU
		{7EADA731-F3F8-4800-A05D-BECC7DDAB379}.Release|Any CPU.ActiveCfg = Release|Any CPU
		{7EADA731-F3F8-4800-A05D-BECC7DDAB379}.Release|Any CPU.Build.0 = Release|Any CPU
		{4A770EB5-B67D-4C8C-B8C7-CDA37853BA76}.Debug|Any CPU.ActiveCfg = Debug|Any CPU
		{4A770EB5-B67D-4C8C-B8C7-CDA37853BA76}.Debug|Any CPU.Build.0 = Debug|Any CPU
		{4A770EB5-B67D-4C8C-B8C7-CDA37853BA76}.Release|Any CPU.ActiveCfg = Release|Any CPU
		{4A770EB5-B67D-4C8C-B8C7-CDA37853BA76}.Release|Any CPU.Build.0 = Release|Any CPU
	EndGlobalSection
	GlobalSection(SolutionProperties) = preSolution
		HideSolutionNode = FALSE
	EndGlobalSection
	GlobalSection(ExtensibilityGlobals) = postSolution
		SolutionGuid = {8A654F93-2DF1-40C3-948C-E181D07EE177}
	EndGlobalSection
EndGlobal
